
Microsoft Visual Studio Solution File, Format Version 12.00
# Visual Studio Version 16
VisualStudioVersion = 16.0.31911.196
MinimumVisualStudioVersion = 10.0.40219.1
Project("{FAE04EC0-301F-11D3-BF4B-00C04F79EFBC}") = "Pavlenko_kursach", "Pavlenko_kursach\Pavlenko_kursach.csproj", "{0972A2E7-F151-4CD3-A279-796D1C6D38D1}"
EndProject
Global
	GlobalSection(SolutionConfigurationPlatforms) = preSolution
		Debug|Any CPU = Debug|Any CPU
		Release|Any CPU = Release|Any CPU
	EndGlobalSection
	GlobalSection(ProjectConfigurationPlatforms) = postSolution
		{0972A2E7-F151-4CD3-A279-796D1C6D38D1}.Debug|Any CPU.ActiveCfg = Debug|Any CPU
		{0972A2E7-F151-4CD3-A279-796D1C6D38D1}.Debug|Any CPU.Build.0 = Debug|Any CPU
		{0972A2E7-F151-4CD3-A279-796D1C6D38D1}.Release|Any CPU.ActiveCfg = Release|Any CPU
		{0972A2E7-F151-4CD3-A279-796D1C6D38D1}.Release|Any CPU.Build.0 = Release|Any CPU
	EndGlobalSection
	GlobalSection(SolutionProperties) = preSolution
		HideSolutionNode = FALSE
	EndGlobalSection
	GlobalSection(ExtensibilityGlobals) = postSolution
		SolutionGuid = {13A61902-504A-4DB8-B785-2B49B8903D00}
	EndGlobalSection
EndGlobal
